
Microsoft Visual Studio Solution File, Format Version 12.00
# Visual Studio 14
VisualStudioVersion = 14.0.25420.1
MinimumVisualStudioVersion = 10.0.40219.1
Project("{FAE04EC0-301F-11D3-BF4B-00C04F79EFBC}") = "Glide", "Glide\Glide.csproj", "{95C2F710-DE3E-4296-A3E7-B8BA6DCD9596}"
EndProject
Project("{FAE04EC0-301F-11D3-BF4B-00C04F79EFBC}") = "Glide.Tests", "Glide.Tests\Glide.Tests.csproj", "{9D41A06E-39B2-4D19-A76F-008FA60806AF}"
EndProject
Global
	GlobalSection(SolutionConfigurationPlatforms) = preSolution
		Debug|Any CPU = Debug|Any CPU
		Release|Any CPU = Release|Any CPU
	EndGlobalSection
	GlobalSection(ProjectConfigurationPlatforms) = postSolution
		{95C2F710-DE3E-4296-A3E7-B8BA6DCD9596}.Debug|Any CPU.ActiveCfg = Debug|Any CPU
		{95C2F710-DE3E-4296-A3E7-B8BA6DCD9596}.Debug|Any CPU.Build.0 = Debug|Any CPU
		{95C2F710-DE3E-4296-A3E7-B8BA6DCD9596}.Release|Any CPU.ActiveCfg = Release|Any CPU
		{95C2F710-DE3E-4296-A3E7-B8BA6DCD9596}.Release|Any CPU.Build.0 = Release|Any CPU
		{9D41A06E-39B2-4D19-A76F-008FA60806AF}.Debug|Any CPU.ActiveCfg = Debug|Any CPU
		{9D41A06E-39B2-4D19-A76F-008FA60806AF}.Debug|Any CPU.Build.0 = Debug|Any CPU
		{9D41A06E-39B2-4D19-A76F-008FA60806AF}.Release|Any CPU.ActiveCfg = Release|Any CPU
		{9D41A06E-39B2-4D19-A76F-008FA60806AF}.Release|Any CPU.Build.0 = Release|Any CPU
	EndGlobalSection
	GlobalSection(SolutionProperties) = preSolution
		HideSolutionNode = FALSE
	EndGlobalSection
EndGlobal
